github.com/Dobefu/hugo-theme-plume v0.0.0-20251202181059-1bb13a01ae9a h1:mjtHcvoBd1RXbjEcwjd77sHl3iBwJZMTWLu+9uWqPFM=
github.com/Dobefu/hugo-theme-plume v0.0.0-20251202181059-1bb13a01ae9a/go.mod h1:r3J78ADtzaGNEarL3i3z4G62NASENXbs4nXu3CqpNtU=
github.com/psugam/sans v1.0.0 h1:8IXRjGM4aC+kk/Qo91S4jFvRnhHR3dglW6bN4tFbNbc=
github.com/psugam/sans v1.0.0/go.mod h1:1CNQg+AeiBtnrWP6tO7OGbi4Y7uTYivFwWAkL2qRBjU=
